{
  "originHash" : "25e65cdd66112916c665df5812ad0056ebbb1cd663943fbcb8ebe2cd5bd6c04b",
  "pins" : [
    {
      "identity" : "clerk-ios",
      "kind" : "remoteSourceControl",
      "location" : "https://github.com/clerk/clerk-ios",
      "state" : {
        "revision" : "74b48c126a0de46d519ef87b74fc5b2f61dfc46d",
        "version" : "1.1.0"
      }
    },
    {
      "identity" : "nuke",
      "kind" : "remoteSourceControl",
      "location" : "https://github.com/kean/Nuke.git",
      "state" : {
        "revision" : "83e19143355b02e9261edb2323b3e1e93287ebb9",
        "version" : "12.9.0"
      }
    },
    {
      "identity" : "phonenumberkit",
      "kind" : "remoteSourceControl",
      "location" : "https://github.com/marmelroy/PhoneNumberKit",
      "state" : {
        "revision" : "840ca3a89ced1a190e20ac93666ff3cdb376c973",
        "version" : "4.2.11"
      }
    },
    {
      "identity" : "sentry-cocoa",
      "kind" : "remoteSourceControl",
      "location" : "https://github.com/getsentry/sentry-cocoa/",
      "state" : {
        "revision" : "8627bbc0e663238d516b541d8fc7edd62a627fde",
        "version" : "8.57.3"
      }
    },
    {
      "identity" : "workoutkit-sync",
      "kind" : "remoteSourceControl",
      "location" : "https://github.com/Amakaflow/workoutkit-sync",
      "state" : {
        "branch" : "main",
        "revision" : "6314b211b52ade5d838ecd37fdd9a9c57edf0087"
      }
    },
    {
      "identity" : "xcthealthkit",
      "kind" : "remoteSourceControl",
      "location" : "https://github.com/StanfordBDHG/XCTHealthKit.git",
      "state" : {
        "revision" : "026d5c6f02cdafa31924548d1ee6ce2fdf182137",
        "version" : "1.2.4"
      }
    }
  ],
  "version" : 3
}
