{
  "originHash" : "c92e1a92f87e06a7972a532a59d8dea59840f19da5623699145da38627e49ea4",
  "pins" : [
    {
      "identity" : "sentry-cocoa",
      "kind" : "remoteSourceControl",
      "location" : "https://github.com/getsentry/sentry-cocoa/",
      "state" : {
        "revision" : "8627bbc0e663238d516b541d8fc7edd62a627fde",
        "version" : "8.57.3"
      }
    },
    {
      "identity" : "workoutkit-sync",
      "kind" : "remoteSourceControl",
      "location" : "https://github.com/Amakaflow/workoutkit-sync",
      "state" : {
        "branch" : "main",
        "revision" : "6314b211b52ade5d838ecd37fdd9a9c57edf0087"
      }
    },
    {
      "identity" : "xcthealthkit",
      "kind" : "remoteSourceControl",
      "location" : "https://github.com/StanfordBDHG/XCTHealthKit.git",
      "state" : {
        "revision" : "026d5c6f02cdafa31924548d1ee6ce2fdf182137",
        "version" : "1.2.4"
      }
    }
  ],
  "version" : 3
}
